// !$*UTF8*$!
{
	archiveVersion = 1;
	classes = {
	};
	objectVersion = 46;
	objects = {

/* Begin PBXBuildFile section */
		E5C4C6581B5A40730065CDE1 /* AppDelegate.swift in Sources */ = {isa = PBXBuildFile; fileRef = E5C4C6571B5A40730065CDE1 /* AppDelegate.swift */; };
		E5C4C65A1B5A40730065CDE1 /* IndexViewController.swift in Sources */ = {isa = PBXBuildFile; fileRef = E5C4C6591B5A40730065CDE1 /* IndexViewController.swift */; };
		E5C4C65D1B5A40730065CDE1 /* Main.storyboard in Resources */ = {isa = PBXBuildFile; fileRef = E5C4C65B1B5A40730065CDE1 /* Main.storyboard */; };
		E5C4C6601B5A40730065CDE1 /* SampleSwift.xcdatamodeld in Sources */ = {isa = PBXBuildFile; fileRef = E5C4C65E1B5A40730065CDE1 /* SampleSwift.xcdatamodeld */; };
		E5C4C6621B5A40730065CDE1 /* Assets.xcassets in Resources */ = {isa = PBXBuildFile; fileRef = E5C4C6611B5A40730065CDE1 /* Assets.xcassets */; };
		E5C4C6651B5A40730065CDE1 /* LaunchScreen.storyboard in Resources */ = {isa = PBXBuildFile; fileRef = E5C4C6631B5A40730065CDE1 /* LaunchScreen.storyboard */; };
		E5C4C6701B5A40730065CDE1 /* SampleSwiftTests.swift in Sources */ = {isa = PBXBuildFile; fileRef = E5C4C66F1B5A40730065CDE1 /* SampleSwiftTests.swift */; };
		E5C4C67B1B5A40730065CDE1 /* SampleSwiftUITests.swift in Sources */ = {isa = PBXBuildFile; fileRef = E5C4C67A1B5A40730065CDE1 /* SampleSwiftUITests.swift */; };
		E5C4C6901B5A457C0065CDE1 /* PhotoIndexViewController.swift in Sources */ = {isa = PBXBuildFile; fileRef = E5C4C68F1B5A457C0065CDE1 /* PhotoIndexViewController.swift */; };
		E5C4C6931B5A48C60065CDE1 /* TableViewDataSource.swift in Sources */ = {isa = PBXBuildFile; fileRef = E5C4C6921B5A48C60065CDE1 /* TableViewDataSource.swift */; };
		E5C4C6971B5A4A6D0065CDE1 /* IndexViewCell.swift in Sources */ = {isa = PBXBuildFile; fileRef = E5C4C6961B5A4A6D0065CDE1 /* IndexViewCell.swift */; };
		E5C4C6991B5A4BE50065CDE1 /* Information.swift in Sources */ = {isa = PBXBuildFile; fileRef = E5C4C6981B5A4BE50065CDE1 /* Information.swift */; };
		E5C4C69C1B5B66810065CDE1 /* Photo.storyboard in Resources */ = {isa = PBXBuildFile; fileRef = E5C4C69A1B5B66810065CDE1 /* Photo.storyboard */; };
		E5C4C69F1B5B712F0065CDE1 /* PopupSegue.swift in Sources */ = {isa = PBXBuildFile; fileRef = E5C4C69E1B5B712F0065CDE1 /* PopupSegue.swift */; };
		E5C4C6A11B5C05FA0065CDE1 /* PopupViewController.swift in Sources */ = {isa = PBXBuildFile; fileRef = E5C4C6A01B5C05F90065CDE1 /* PopupViewController.swift */; };
/* End PBXBuildFile section */

/* Begin PBXContainerItemProxy section */
		E5C4C66C1B5A40730065CDE1 /* PBXContainerItemProxy */ = {
			isa = PBXContainerItemProxy;
			containerPortal = E5C4C64C1B5A40730065CDE1 /* Project object */;
			proxyType = 1;
			remoteGlobalIDString = E5C4C6531B5A40730065CDE1;
			remoteInfo = SampleSwift;
		};
		E5C4C6771B5A40730065CDE1 /* PBXContainerItemProxy */ = {
			isa = PBXContainerItemProxy;
			containerPortal = E5C4C64C1B5A40730065CDE1 /* Project object */;
			proxyType = 1;
			remoteGlobalIDString = E5C4C6531B5A40730065CDE1;
			remoteInfo = SampleSwift;
		};
/* End PBXContainerItemProxy section */

/* Begin PBXFileReference section */
		E5C4C6541B5A40730065CDE1 /* SampleSwift.app */ = {isa = PBXFileReference; explicitFileType = wrapper.application; includeInIndex = 0; path = SampleSwift.app; sourceTree = BUILT_PRODUCTS_DIR; };
		E5C4C6571B5A40730065CDE1 /* AppDelegate.swift */ = {isa = PBXFileReference; lastKnownFileType = sourcecode.swift; path = AppDelegate.swift; sourceTree = "<group>"; };
		E5C4C6591B5A40730065CDE1 /* IndexViewController.swift */ = {isa = PBXFileReference; lastKnownFileType = sourcecode.swift; path = IndexViewController.swift; sourceTree = "<group>"; };
		E5C4C65C1B5A40730065CDE1 /* Base */ = {isa = PBXFileReference; lastKnownFileType = file.storyboard; name = Base; path = Base.lproj/Main.storyboard; sourceTree = "<group>"; };
		E5C4C65F1B5A40730065CDE1 /* SampleSwift.xcdatamodel */ = {isa = PBXFileReference; lastKnownFileType = wrapper.xcdatamodel; path = SampleSwift.xcdatamodel; sourceTree = "<group>"; };
		E5C4C6611B5A40730065CDE1 /* Assets.xcassets */ = {isa = PBXFileReference; lastKnownFileType = folder.assetcatalog; path = Assets.xcassets; sourceTree = "<group>"; };
		E5C4C6641B5A40730065CDE1 /* Base */ = {isa = PBXFileReference; lastKnownFileType = file.storyboard; name = Base; path = Base.lproj/LaunchScreen.storyboard; sourceTree = "<group>"; };
		E5C4C6661B5A40730065CDE1 /* Info.plist */ = {isa = PBXFileReference; lastKnownFileType = text.plist.xml; path = Info.plist; sourceTree = "<group>"; };
		E5C4C66B1B5A40730065CDE1 /* SampleSwiftTests.xctest */ = {isa = PBXFileReference; explicitFileType = wrapper.cfbundle; includeInIndex = 0; path = SampleSwiftTests.xctest; sourceTree = BUILT_PRODUCTS_DIR; };
		E5C4C66F1B5A40730065CDE1 /* SampleSwiftTests.swift */ = {isa = PBXFileReference; lastKnownFileType = sourcecode.swift; path = SampleSwiftTests.swift; sourceTree = "<group>"; };
		E5C4C6711B5A40730065CDE1 /* Info.plist */ = {isa = PBXFileReference; lastKnownFileType = text.plist.xml; path = Info.plist; sourceTree = "<group>"; };
		E5C4C6761B5A40730065CDE1 /* SampleSwiftUITests.xctest */ = {isa = PBXFileReference; explicitFileType = wrapper.cfbundle; includeInIndex = 0; path = SampleSwiftUITests.xctest; sourceTree = BUILT_PRODUCTS_DIR; };
		E5C4C67A1B5A40730065CDE1 /* SampleSwiftUITests.swift */ = {isa = PBXFileReference; lastKnownFileType = sourcecode.swift; path = SampleSwiftUITests.swift; sourceTree = "<group>"; };
		E5C4C67C1B5A40730065CDE1 /* Info.plist */ = {isa = PBXFileReference; lastKnownFileType = text.plist.xml; path = Info.plist; sourceTree = "<group>"; };
		E5C4C6881B5A409A0065CDE1 /* README.md */ = {isa = PBXFileReference; lastKnownFileType = net.daringfireball.markdown; path = README.md; sourceTree = SOURCE_ROOT; };
		E5C4C68F1B5A457C0065CDE1 /* PhotoIndexViewController.swift */ = {isa = PBXFileReference; fileEncoding = 4; lastKnownFileType = sourcecode.swift; path = PhotoIndexViewController.swift; sourceTree = "<group>"; };
		E5C4C6921B5A48C60065CDE1 /* TableViewDataSource.swift */ = {isa = PBXFileReference; fileEncoding = 4; lastKnownFileType = sourcecode.swift; path = TableViewDataSource.swift; sourceTree = "<group>"; };
		E5C4C6961B5A4A6D0065CDE1 /* IndexViewCell.swift */ = {isa = PBXFileReference; fileEncoding = 4; lastKnownFileType = sourcecode.swift; path = IndexViewCell.swift; sourceTree = "<group>"; };
		E5C4C6981B5A4BE50065CDE1 /* Information.swift */ = {isa = PBXFileReference; fileEncoding = 4; lastKnownFileType = sourcecode.swift; path = Information.swift; sourceTree = "<group>"; };
		E5C4C69B1B5B66810065CDE1 /* Base */ = {isa = PBXFileReference; lastKnownFileType = file.storyboard; name = Base; path = Base.lproj/Photo.storyboard; sourceTree = "<group>"; };
		E5C4C69E1B5B712F0065CDE1 /* PopupSegue.swift */ = {isa = PBXFileReference; fileEncoding = 4; lastKnownFileType = sourcecode.swift; path = PopupSegue.swift; sourceTree = "<group>"; };
		E5C4C6A01B5C05F90065CDE1 /* PopupViewController.swift */ = {isa = PBXFileReference; fileEncoding = 4; lastKnownFileType = sourcecode.swift; path = PopupViewController.swift; sourceTree = "<group>"; };
/* End PBXFileReference section */

/* Begin PBXFrameworksBuildPhase section */
		E5C4C6511B5A40730065CDE1 /* Frameworks */ = {
			isa = PBXFrameworksBuildPhase;
			buildActionMask = 2147483647;
			files = (
			);
			runOnlyForDeploymentPostprocessing = 0;
		};
		E5C4C6681B5A40730065CDE1 /* Frameworks */ = {
			isa = PBXFrameworksBuildPhase;
			buildActionMask = 2147483647;
			files = (
			);
			runOnlyForDeploymentPostprocessing = 0;
		};
		E5C4C6731B5A40730065CDE1 /* Frameworks */ = {
			isa = PBXFrameworksBuildPhase;
			buildActionMask = 2147483647;
			files = (
			);
			runOnlyForDeploymentPostprocessing = 0;
		};
/* End PBXFrameworksBuildPhase section */

/* Begin PBXGroup section */
		E5C4C64B1B5A40730065CDE1 = {
			isa = PBXGroup;
			children = (
				E5C4C6561B5A40730065CDE1 /* SampleSwift */,
				E5C4C66E1B5A40730065CDE1 /* SampleSwiftTests */,
				E5C4C6791B5A40730065CDE1 /* SampleSwiftUITests */,
				E5C4C6551B5A40730065CDE1 /* Products */,
			);
			sourceTree = "<group>";
		};
		E5C4C6551B5A40730065CDE1 /* Products */ = {
			isa = PBXGroup;
			children = (
				E5C4C6541B5A40730065CDE1 /* SampleSwift.app */,
				E5C4C66B1B5A40730065CDE1 /* SampleSwiftTests.xctest */,
				E5C4C6761B5A40730065CDE1 /* SampleSwiftUITests.xctest */,
			);
			name = Products;
			sourceTree = "<group>";
		};
		E5C4C6561B5A40730065CDE1 /* SampleSwift */ = {
			isa = PBXGroup;
			children = (
				E5C4C6911B5A48540065CDE1 /* utils */,
				E5C4C6941B5A4A1F0065CDE1 /* index */,
				E5C4C68A1B5A45100065CDE1 /* photo */,
				E5C4C6571B5A40730065CDE1 /* AppDelegate.swift */,
				E5C4C6631B5A40730065CDE1 /* LaunchScreen.storyboard */,
				E5C4C6611B5A40730065CDE1 /* Assets.xcassets */,
				E5C4C6661B5A40730065CDE1 /* Info.plist */,
				E5C4C65E1B5A40730065CDE1 /* SampleSwift.xcdatamodeld */,
				E5C4C6881B5A409A0065CDE1 /* README.md */,
			);
			path = SampleSwift;
			sourceTree = "<group>";
		};
		E5C4C66E1B5A40730065CDE1 /* SampleSwiftTests */ = {
			isa = PBXGroup;
			children = (
				E5C4C66F1B5A40730065CDE1 /* SampleSwiftTests.swift */,
				E5C4C6711B5A40730065CDE1 /* Info.plist */,
			);
			path = SampleSwiftTests;
			sourceTree = "<group>";
		};
		E5C4C6791B5A40730065CDE1 /* SampleSwiftUITests */ = {
			isa = PBXGroup;
			children = (
				E5C4C67A1B5A40730065CDE1 /* SampleSwiftUITests.swift */,
				E5C4C67C1B5A40730065CDE1 /* Info.plist */,
			);
			path = SampleSwiftUITests;
			sourceTree = "<group>";
		};
		E5C4C68A1B5A45100065CDE1 /* photo */ = {
			isa = PBXGroup;
			children = (
				E5C4C68F1B5A457C0065CDE1 /* PhotoIndexViewController.swift */,
				E5C4C69A1B5B66810065CDE1 /* Photo.storyboard */,
			);
			path = photo;
			sourceTree = "<group>";
		};
		E5C4C6911B5A48540065CDE1 /* utils */ = {
			isa = PBXGroup;
			children = (
				E5C4C6921B5A48C60065CDE1 /* TableViewDataSource.swift */,
				E5C4C6981B5A4BE50065CDE1 /* Information.swift */,
				E5C4C69E1B5B712F0065CDE1 /* PopupSegue.swift */,
			);
			path = utils;
			sourceTree = "<group>";
		};
		E5C4C6941B5A4A1F0065CDE1 /* index */ = {
			isa = PBXGroup;
			children = (
				E5C4C6961B5A4A6D0065CDE1 /* IndexViewCell.swift */,
				E5C4C6591B5A40730065CDE1 /* IndexViewController.swift */,
				E5C4C65B1B5A40730065CDE1 /* Main.storyboard */,
				E5C4C6A01B5C05F90065CDE1 /* PopupViewController.swift */,
			);
			path = index;
			sourceTree = "<group>";
		};
/* End PBXGroup section */

/* Begin PBXNativeTarget section */
		E5C4C6531B5A40730065CDE1 /* SampleSwift */ = {
			isa = PBXNativeTarget;
			buildConfigurationList = E5C4C67F1B5A40730065CDE1 /* Build configuration list for PBXNativeTarget "SampleSwift" */;
			buildPhases = (
				E5C4C6501B5A40730065CDE1 /* Sources */,
				E5C4C6511B5A40730065CDE1 /* Frameworks */,
				E5C4C6521B5A40730065CDE1 /* Resources */,
			);
			buildRules = (
			);
			dependencies = (
			);
			name = SampleSwift;
			productName = SampleSwift;
			productReference = E5C4C6541B5A40730065CDE1 /* SampleSwift.app */;
			productType = "com.apple.product-type.application";
		};
		E5C4C66A1B5A40730065CDE1 /* SampleSwiftTests */ = {
			isa = PBXNativeTarget;
			buildConfigurationList = E5C4C6821B5A40730065CDE1 /* Build configuration list for PBXNativeTarget "SampleSwiftTests" */;
			buildPhases = (
				E5C4C6671B5A40730065CDE1 /* Sources */,
				E5C4C6681B5A40730065CDE1 /* Frameworks */,
				E5C4C6691B5A40730065CDE1 /* Resources */,
			);
			buildRules = (
			);
			dependencies = (
				E5C4C66D1B5A40730065CDE1 /* PBXTargetDependency */,
			);
			name = SampleSwiftTests;
			productName = SampleSwiftTests;
			productReference = E5C4C66B1B5A40730065CDE1 /* SampleSwiftTests.xctest */;
			productType = "com.apple.product-type.bundle.unit-test";
		};
		E5C4C6751B5A40730065CDE1 /* SampleSwiftUITests */ = {
			isa = PBXNativeTarget;
			buildConfigurationList = E5C4C6851B5A40730065CDE1 /* Build configuration list for PBXNativeTarget "SampleSwiftUITests" */;
			buildPhases = (
				E5C4C6721B5A40730065CDE1 /* Sources */,
				E5C4C6731B5A40730065CDE1 /* Frameworks */,
				E5C4C6741B5A40730065CDE1 /* Resources */,
			);
			buildRules = (
			);
			dependencies = (
				E5C4C6781B5A40730065CDE1 /* PBXTargetDependency */,
			);
			name = SampleSwiftUITests;
			productName = SampleSwiftUITests;
			productReference = E5C4C6761B5A40730065CDE1 /* SampleSwiftUITests.xctest */;
			productType = "com.apple.product-type.bundle.ui-testing";
		};
/* End PBXNativeTarget section */

/* Begin PBXProject section */
		E5C4C64C1B5A40730065CDE1 /* Project object */ = {
			isa = PBXProject;
			attributes = {
				LastUpgradeCheck = 0700;
				ORGANIZATIONNAME = akirahrkw;
				TargetAttributes = {
					E5C4C6531B5A40730065CDE1 = {
						CreatedOnToolsVersion = 7.0;
					};
					E5C4C66A1B5A40730065CDE1 = {
						CreatedOnToolsVersion = 7.0;
						TestTargetID = E5C4C6531B5A40730065CDE1;
					};
					E5C4C6751B5A40730065CDE1 = {
						CreatedOnToolsVersion = 7.0;
						TestTargetID = E5C4C6531B5A40730065CDE1;
					};
				};
			};
			buildConfigurationList = E5C4C64F1B5A40730065CDE1 /* Build configuration list for PBXProject "SampleSwift" */;
			compatibilityVersion = "Xcode 3.2";
			developmentRegion = English;
			hasScannedForEncodings = 0;
			knownRegions = (
				en,
				Base,
			);
			mainGroup = E5C4C64B1B5A40730065CDE1;
			productRefGroup = E5C4C6551B5A40730065CDE1 /* Products */;
			projectDirPath = "";
			projectRoot = "";
			targets = (
				E5C4C6531B5A40730065CDE1 /* SampleSwift */,
				E5C4C66A1B5A40730065CDE1 /* SampleSwiftTests */,
				E5C4C6751B5A40730065CDE1 /* SampleSwiftUITests */,
			);
		};
/* End PBXProject section */

/* Begin PBXResourcesBuildPhase section */
		E5C4C6521B5A40730065CDE1 /* Resources */ = {
			isa = PBXResourcesBuildPhase;
			buildActionMask = 2147483647;
			files = (
				E5C4C6651B5A40730065CDE1 /* LaunchScreen.storyboard in Resources */,
				E5C4C69C1B5B66810065CDE1 /* Photo.storyboard in Resources */,
				E5C4C6621B5A40730065CDE1 /* Assets.xcassets in Resources */,
				E5C4C65D1B5A40730065CDE1 /* Main.storyboard in Resources */,
			);
			runOnlyForDeploymentPostprocessing = 0;
		};
		E5C4C6691B5A40730065CDE1 /* Resources */ = {
			isa = PBXResourcesBuildPhase;
			buildActionMask = 2147483647;
			files = (
			);
			runOnlyForDeploymentPostprocessing = 0;
		};
		E5C4C6741B5A40730065CDE1 /* Resources */ = {
			isa = PBXResourcesBuildPhase;
			buildActionMask = 2147483647;
			files = (
			);
			runOnlyForDeploymentPostprocessing = 0;
		};
/* End PBXResourcesBuildPhase section */

/* Begin PBXSourcesBuildPhase section */
		E5C4C6501B5A40730065CDE1 /* Sources */ = {
			isa = PBXSourcesBuildPhase;
			buildActionMask = 2147483647;
			files = (
				E5C4C69F1B5B712F0065CDE1 /* PopupSegue.swift in Sources */,
				E5C4C6601B5A40730065CDE1 /* SampleSwift.xcdatamodeld in Sources */,
				E5C4C6931B5A48C60065CDE1 /* TableViewDataSource.swift in Sources */,
				E5C4C65A1B5A40730065CDE1 /* IndexViewController.swift in Sources */,
				E5C4C6991B5A4BE50065CDE1 /* Information.swift in Sources */,
				E5C4C6A11B5C05FA0065CDE1 /* PopupViewController.swift in Sources */,
				E5C4C6901B5A457C0065CDE1 /* PhotoIndexViewController.swift in Sources */,
				E5C4C6581B5A40730065CDE1 /* AppDelegate.swift in Sources */,
				E5C4C6971B5A4A6D0065CDE1 /* IndexViewCell.swift in Sources */,
			);
			runOnlyForDeploymentPostprocessing = 0;
		};
		E5C4C6671B5A40730065CDE1 /* Sources */ = {
			isa = PBXSourcesBuildPhase;
			buildActionMask = 2147483647;
			files = (
				E5C4C6701B5A40730065CDE1 /* SampleSwiftTests.swift in Sources */,
			);
			runOnlyForDeploymentPostprocessing = 0;
		};
		E5C4C6721B5A40730065CDE1 /* Sources */ = {
			isa = PBXSourcesBuildPhase;
			buildActionMask = 2147483647;
			files = (
				E5C4C67B1B5A40730065CDE1 /* SampleSwiftUITests.swift in Sources */,
			);
			runOnlyForDeploymentPostprocessing = 0;
		};
/* End PBXSourcesBuildPhase section */

/* Begin PBXTargetDependency section */
		E5C4C66D1B5A40730065CDE1 /* PBXTargetDependency */ = {
			isa = PBXTargetDependency;
			target = E5C4C6531B5A40730065CDE1 /* SampleSwift */;
			targetProxy = E5C4C66C1B5A40730065CDE1 /* PBXContainerItemProxy */;
		};
		E5C4C6781B5A40730065CDE1 /* PBXTargetDependency */ = {
			isa = PBXTargetDependency;
			target = E5C4C6531B5A40730065CDE1 /* SampleSwift */;
			targetProxy = E5C4C6771B5A40730065CDE1 /* PBXContainerItemProxy */;
		};
/* End PBXTargetDependency section */

/* Begin PBXVariantGroup section */
		E5C4C65B1B5A40730065CDE1 /* Main.storyboard */ = {
			isa = PBXVariantGroup;
			children = (
				E5C4C65C1B5A40730065CDE1 /* Base */,
			);
			name = Main.storyboard;
			path = ..;
			sourceTree = "<group>";
		};
		E5C4C6631B5A40730065CDE1 /* LaunchScreen.storyboard */ = {
			isa = PBXVariantGroup;
			children = (
				E5C4C6641B5A40730065CDE1 /* Base */,
			);
			name = LaunchScreen.storyboard;
			sourceTree = "<group>";
		};
		E5C4C69A1B5B66810065CDE1 /* Photo.storyboard */ = {
			isa = PBXVariantGroup;
			children = (
				E5C4C69B1B5B66810065CDE1 /* Base */,
			);
			name = Photo.storyboard;
			path = ..;
			sourceTree = "<group>";
		};
/* End PBXVariantGroup section */

/* Begin XCBuildConfiguration section */
		E5C4C67D1B5A40730065CDE1 /* Debug */ = {
			isa = XCBuildConfiguration;
			buildSettings = {
				ALWAYS_SEARCH_USER_PATHS = NO;
				CLANG_CXX_LANGUAGE_STANDARD = "gnu++0x";
				CLANG_CXX_LIBRARY = "libc++";
				CLANG_ENABLE_MODULES = YES;
				CLANG_ENABLE_OBJC_ARC = YES;
				CLANG_WARN_BOOL_CONVERSION = YES;
				CLANG_WARN_CONSTANT_CONVERSION = YES;
				CLANG_WARN_DIRECT_OBJC_ISA_USAGE = YES_ERROR;
				CLANG_WARN_EMPTY_BODY = YES;
				CLANG_WARN_ENUM_CONVERSION = YES;
				CLANG_WARN_INT_CONVERSION = YES;
				CLANG_WARN_OBJC_ROOT_CLASS = YES_ERROR;
				CLANG_WARN_UNREACHABLE_CODE = YES;
				CLANG_WARN__DUPLICATE_METHOD_MATCH = YES;
				"CODE_SIGN_IDENTITY[sdk=iphoneos*]" = "iPhone Developer";
				COPY_PHASE_STRIP = NO;
				DEBUG_INFORMATION_FORMAT = dwarf;
				ENABLE_STRICT_OBJC_MSGSEND = YES;
				ENABLE_TESTABILITY = YES;
				GCC_C_LANGUAGE_STANDARD = gnu99;
				GCC_DYNAMIC_NO_PIC = NO;
				GCC_NO_COMMON_BLOCKS = YES;
				GCC_OPTIMIZATION_LEVEL = 0;
				GCC_PREPROCESSOR_DEFINITIONS = (
					"DEBUG=1",
					"$(inherited)",
				);
				GCC_WARN_64_TO_32_BIT_CONVERSION = YES;
				GCC_WARN_ABOUT_RETURN_TYPE = YES_ERROR;
				GCC_WARN_UNDECLARED_SELECTOR = YES;
				GCC_WARN_UNINITIALIZED_AUTOS = YES_AGGRESSIVE;
				GCC_WARN_UNUSED_FUNCTION = YES;
				GCC_WARN_UNUSED_VARIABLE = YES;
				IPHONEOS_DEPLOYMENT_TARGET = 9.0;
				MTL_ENABLE_DEBUG_INFO = YES;
				ONLY_ACTIVE_ARCH = YES;
				SDKROOT = iphoneos;
				SWIFT_OPTIMIZATION_LEVEL = "-Onone";
			};
			name = Debug;
		};
		E5C4C67E1B5A40730065CDE1 /* Release */ = {
			isa = XCBuildConfiguration;
			buildSettings = {
				ALWAYS_SEARCH_USER_PATHS = NO;
				CLANG_CXX_LANGUAGE_STANDARD = "gnu++0x";
				CLANG_CXX_LIBRARY = "libc++";
				CLANG_ENABLE_MODULES = YES;
				CLANG_ENABLE_OBJC_ARC = YES;
				CLANG_WARN_BOOL_CONVERSION = YES;
				CLANG_WARN_CONSTANT_CONVERSION = YES;
				CLANG_WARN_DIRECT_OBJC_ISA_USAGE = YES_ERROR;
				CLANG_WARN_EMPTY_BODY = YES;
				CLANG_WARN_ENUM_CONVERSION = YES;
				CLANG_WARN_INT_CONVERSION = YES;
				CLANG_WARN_OBJC_ROOT_CLASS = YES_ERROR;
				CLANG_WARN_UNREACHABLE_CODE = YES;
				CLANG_WARN__DUPLICATE_METHOD_MATCH = YES;
				"CODE_SIGN_IDENTITY[sdk=iphoneos*]" = "iPhone Developer";
				COPY_PHASE_STRIP = NO;
				DEBUG_INFORMATION_FORMAT = "dwarf-with-dsym";
				ENABLE_NS_ASSERTIONS = NO;
				ENABLE_STRICT_OBJC_MSGSEND = YES;
				GCC_C_LANGUAGE_STANDARD = gnu99;
				GCC_NO_COMMON_BLOCKS = YES;
				GCC_WARN_64_TO_32_BIT_CONVERSION = YES;
				GCC_WARN_ABOUT_RETURN_TYPE = YES_ERROR;
				GCC_WARN_UNDECLARED_SELECTOR = YES;
				GCC_WARN_UNINITIALIZED_AUTOS = YES_AGGRESSIVE;
				GCC_WARN_UNUSED_FUNCTION = YES;
				GCC_WARN_UNUSED_VARIABLE = YES;
				IPHONEOS_DEPLOYMENT_TARGET = 9.0;
				MTL_ENABLE_DEBUG_INFO = NO;
				SDKROOT = iphoneos;
				VALIDATE_PRODUCT = YES;
			};
			name = Release;
		};
		E5C4C6801B5A40730065CDE1 /* Debug */ = {
			isa = XCBuildConfiguration;
			buildSettings = {
				ASSETCATALOG_COMPILER_APPICON_NAME = AppIcon;
				INFOPLIST_FILE = SampleSwift/Info.plist;
				LD_RUNPATH_SEARCH_PATHS = "$(inherited) @executable_path/Frameworks";
				PRODUCT_BUNDLE_IDENTIFIER = com.akirahrkw.SampleSwift;
				PRODUCT_NAME = "$(TARGET_NAME)";
			};
			name = Debug;
		};
		E5C4C6811B5A40730065CDE1 /* Release */ = {
			isa = XCBuildConfiguration;
			buildSettings = {
				ASSETCATALOG_COMPILER_APPICON_NAME = AppIcon;
				INFOPLIST_FILE = SampleSwift/Info.plist;
				LD_RUNPATH_SEARCH_PATHS = "$(inherited) @executable_path/Frameworks";
				PRODUCT_BUNDLE_IDENTIFIER = com.akirahrkw.SampleSwift;
				PRODUCT_NAME = "$(TARGET_NAME)";
			};
			name = Release;
		};
		E5C4C6831B5A40730065CDE1 /* Debug */ = {
			isa = XCBuildConfiguration;
			buildSettings = {
				BUNDLE_LOADER = "$(TEST_HOST)";
				INFOPLIST_FILE = SampleSwiftTests/Info.plist;
				LD_RUNPATH_SEARCH_PATHS = "$(inherited) @executable_path/Frameworks @loader_path/Frameworks";
				PRODUCT_BUNDLE_IDENTIFIER = com.akirahrkw.SampleSwiftTests;
				PRODUCT_NAME = "$(TARGET_NAME)";
				TEST_HOST = "$(BUILT_PRODUCTS_DIR)/SampleSwift.app/SampleSwift";
			};
			name = Debug;
		};
		E5C4C6841B5A40730065CDE1 /* Release */ = {
			isa = XCBuildConfiguration;
			buildSettings = {
				BUNDLE_LOADER = "$(TEST_HOST)";
				INFOPLIST_FILE = SampleSwiftTests/Info.plist;
				LD_RUNPATH_SEARCH_PATHS = "$(inherited) @executable_path/Frameworks @loader_path/Frameworks";
				PRODUCT_BUNDLE_IDENTIFIER = com.akirahrkw.SampleSwiftTests;
				PRODUCT_NAME = "$(TARGET_NAME)";
				TEST_HOST = "$(BUILT_PRODUCTS_DIR)/SampleSwift.app/SampleSwift";
			};
			name = Release;
		};
		E5C4C6861B5A40730065CDE1 /* Debug */ = {
			isa = XCBuildConfiguration;
			buildSettings = {
				INFOPLIST_FILE = SampleSwiftUITests/Info.plist;
				LD_RUNPATH_SEARCH_PATHS = "$(inherited) @executable_path/Frameworks @loader_path/Frameworks";
				PRODUCT_BUNDLE_IDENTIFIER = com.akirahrkw.SampleSwiftUITests;
				PRODUCT_NAME = "$(TARGET_NAME)";
				TEST_TARGET_NAME = SampleSwift;
				USES_XCTRUNNER = YES;
			};
			name = Debug;
		};
		E5C4C6871B5A40730065CDE1 /* Release */ = {
			isa = XCBuildConfiguration;
			buildSettings = {
				INFOPLIST_FILE = SampleSwiftUITests/Info.plist;
				LD_RUNPATH_SEARCH_PATHS = "$(inherited) @executable_path/Frameworks @loader_path/Frameworks";
				PRODUCT_BUNDLE_IDENTIFIER = com.akirahrkw.SampleSwiftUITests;
				PRODUCT_NAME = "$(TARGET_NAME)";
				TEST_TARGET_NAME = SampleSwift;
				USES_XCTRUNNER = YES;
			};
			name = Release;
		};
/* End XCBuildConfiguration section */

/* Begin XCConfigurationList section */
		E5C4C64F1B5A40730065CDE1 /* Build configuration list for PBXProject "SampleSwift" */ = {
			isa = XCConfigurationList;
			buildConfigurations = (
				E5C4C67D1B5A40730065CDE1 /* Debug */,
				E5C4C67E1B5A40730065CDE1 /* Release */,
			);
			defaultConfigurationIsVisible = 0;
			defaultConfigurationName = Release;
		};
		E5C4C67F1B5A40730065CDE1 /* Build configuration list for PBXNativeTarget "SampleSwift" */ = {
			isa = XCConfigurationList;
			buildConfigurations = (
				E5C4C6801B5A40730065CDE1 /* Debug */,
				E5C4C6811B5A40730065CDE1 /* Release */,
			);
			defaultConfigurationIsVisible = 0;
		};
		E5C4C6821B5A40730065CDE1 /* Build configuration list for PBXNativeTarget "SampleSwiftTests" */ = {
			isa = XCConfigurationList;
			buildConfigurations = (
				E5C4C6831B5A40730065CDE1 /* Debug */,
				E5C4C6841B5A40730065CDE1 /* Release */,
			);
			defaultConfigurationIsVisible = 0;
		};
		E5C4C6851B5A40730065CDE1 /* Build configuration list for PBXNativeTarget "SampleSwiftUITests" */ = {
			isa = XCConfigurationList;
			buildConfigurations = (
				E5C4C6861B5A40730065CDE1 /* Debug */,
				E5C4C6871B5A40730065CDE1 /* Release */,
			);
			defaultConfigurationIsVisible = 0;
		};
/* End XCConfigurationList section */

/* Begin XCVersionGroup section */
		E5C4C65E1B5A40730065CDE1 /* SampleSwift.xcdatamodeld */ = {
			isa = XCVersionGroup;
			children = (
				E5C4C65F1B5A40730065CDE1 /* SampleSwift.xcdatamodel */,
			);
			currentVersion = E5C4C65F1B5A40730065CDE1 /* SampleSwift.xcdatamodel */;
			path = SampleSwift.xcdatamodeld;
			sourceTree = "<group>";
			versionGroupType = wrapper.xcdatamodel;
		};
/* End XCVersionGroup section */
	};
	rootObject = E5C4C64C1B5A40730065CDE1 /* Project object */;
}
